// !$*UTF8*$!
{
	archiveVersion = 1;
	classes = {
	};
	objectVersion = 51;
	objects = {

/* Begin PBXBuildFile section */
		480664BF246527CB001CA358 /* AppDelegate.swift in Sources */ = {isa = PBXBuildFile; fileRef = 480664BE246527CB001CA358 /* AppDelegate.swift */; };
		480664C1246527CB001CA358 /* ViewController.swift in Sources */ = {isa = PBXBuildFile; fileRef = 480664C0246527CB001CA358 /* ViewController.swift */; };
		480664C4246527CB001CA358 /* Main.storyboard in Resources */ = {isa = PBXBuildFile; fileRef = 480664C2246527CB001CA358 /* Main.storyboard */; };
		480664C6246527CC001CA358 /* Assets.xcassets in Resources */ = {isa = PBXBuildFile; fileRef = 480664C5246527CC001CA358 /* Assets.xcassets */; };
		480664C9246527CC001CA358 /* LaunchScreen.storyboard in Resources */ = {isa = PBXBuildFile; fileRef = 480664C7246527CC001CA358 /* LaunchScreen.storyboard */; };
		484919FC24652CE800E0AA32 /* LabelViewController.swift in Sources */ = {isa = PBXBuildFile; fileRef = 484919FB24652CE800E0AA32 /* LabelViewController.swift */; };
		48491A0024655E1700E0AA32 /* TextFieldViewController.swift in Sources */ = {isa = PBXBuildFile; fileRef = 484919FF24655E1700E0AA32 /* TextFieldViewController.swift */; };
		8B25B9395FBF514B3B474174 /* Pods_RxSwift_Demo.framework in Frameworks */ = {isa = PBXBuildFile; fileRef = EB894BF1081C763C6F85466E /* Pods_RxSwift_Demo.framework */; };
/* End PBXBuildFile section */

/* Begin PBXFileReference section */
		480664BB246527CB001CA358 /* RxSwift-Demo.app */ = {isa = PBXFileReference; explicitFileType = wrapper.application; includeInIndex = 0; path = "RxSwift-Demo.app"; sourceTree = BUILT_PRODUCTS_DIR; };
		480664BE246527CB001CA358 /* AppDelegate.swift */ = {isa = PBXFileReference; lastKnownFileType = sourcecode.swift; path = AppDelegate.swift; sourceTree = "<group>"; };
		480664C0246527CB001CA358 /* ViewController.swift */ = {isa = PBXFileReference; lastKnownFileType = sourcecode.swift; path = ViewController.swift; sourceTree = "<group>"; };
		480664C3246527CB001CA358 /* Base */ = {isa = PBXFileReference; lastKnownFileType = file.storyboard; name = Base; path = Base.lproj/Main.storyboard; sourceTree = "<group>"; };
		480664C5246527CC001CA358 /* Assets.xcassets */ = {isa = PBXFileReference; lastKnownFileType = folder.assetcatalog; path = Assets.xcassets; sourceTree = "<group>"; };
		480664C8246527CC001CA358 /* Base */ = {isa = PBXFileReference; lastKnownFileType = file.storyboard; name = Base; path = Base.lproj/LaunchScreen.storyboard; sourceTree = "<group>"; };
		480664CA246527CC001CA358 /* Info.plist */ = {isa = PBXFileReference; lastKnownFileType = text.plist.xml; path = Info.plist; sourceTree = "<group>"; };
		484919FB24652CE800E0AA32 /* LabelViewController.swift */ = {isa = PBXFileReference; lastKnownFileType = sourcecode.swift; path = LabelViewController.swift; sourceTree = "<group>"; };
		484919FF24655E1700E0AA32 /* TextFieldViewController.swift */ = {isa = PBXFileReference; lastKnownFileType = sourcecode.swift; path = TextFieldViewController.swift; sourceTree = "<group>"; };
		8C5715F5E014D0757901CEA0 /* Pods-RxSwift-Demo.debug.xcconfig */ = {isa = PBXFileReference; includeInIndex = 1; lastKnownFileType = text.xcconfig; name = "Pods-RxSwift-Demo.debug.xcconfig"; path = "Target Support Files/Pods-RxSwift-Demo/Pods-RxSwift-Demo.debug.xcconfig"; sourceTree = "<group>"; };
		C6F7FDDB1651424AD622BA5F /* Pods-RxSwift-Demo.release.xcconfig */ = {isa = PBXFileReference; includeInIndex = 1; lastKnownFileType = text.xcconfig; name = "Pods-RxSwift-Demo.release.xcconfig"; path = "Target Support Files/Pods-RxSwift-Demo/Pods-RxSwift-Demo.release.xcconfig"; sourceTree = "<group>"; };
		EB894BF1081C763C6F85466E /* Pods_RxSwift_Demo.framework */ = {isa = PBXFileReference; explicitFileType = wrapper.framework; includeInIndex = 0; path = Pods_RxSwift_Demo.framework; sourceTree = BUILT_PRODUCTS_DIR; };
/* End PBXFileReference section */

/* Begin PBXFrameworksBuildPhase section */
		480664B8246527CB001CA358 /* Frameworks */ = {
			isa = PBXFrameworksBuildPhase;
			buildActionMask = 2147483647;
			files = (
				8B25B9395FBF514B3B474174 /* Pods_RxSwift_Demo.framework in Frameworks */,
			);
			runOnlyForDeploymentPostprocessing = 0;
		};
/* End PBXFrameworksBuildPhase section */

/* Begin PBXGroup section */
		13C72F0ED675A9707E397E88 /* Frameworks */ = {
			isa = PBXGroup;
			children = (
				EB894BF1081C763C6F85466E /* Pods_RxSwift_Demo.framework */,
			);
			name = Frameworks;
			sourceTree = "<group>";
		};
		480664B2246527CB001CA358 = {
			isa = PBXGroup;
			children = (
				480664BD246527CB001CA358 /* RxSwift-Demo */,
				480664BC246527CB001CA358 /* Products */,
				69A69F2B70BDF53BC3F46252 /* Pods */,
				13C72F0ED675A9707E397E88 /* Frameworks */,
			);
			sourceTree = "<group>";
		};
		480664BC246527CB001CA358 /* Products */ = {
			isa = PBXGroup;
			children = (
				480664BB246527CB001CA358 /* RxSwift-Demo.app */,
			);
			name = Products;
			sourceTree = "<group>";
		};
		480664BD246527CB001CA358 /* RxSwift-Demo */ = {
			isa = PBXGroup;
			children = (
				480664BE246527CB001CA358 /* AppDelegate.swift */,
				480664C0246527CB001CA358 /* ViewController.swift */,
				480664C2246527CB001CA358 /* Main.storyboard */,
				480664C5246527CC001CA358 /* Assets.xcassets */,
				480664C7246527CC001CA358 /* LaunchScreen.storyboard */,
				480664CA246527CC001CA358 /* Info.plist */,
				484919FB24652CE800E0AA32 /* LabelViewController.swift */,
				484919FF24655E1700E0AA32 /* TextFieldViewController.swift */,
			);
			path = "RxSwift-Demo";
			sourceTree = "<group>";
		};
		69A69F2B70BDF53BC3F46252 /* Pods */ = {
			isa = PBXGroup;
			children = (
				8C5715F5E014D0757901CEA0 /* Pods-RxSwift-Demo.debug.xcconfig */,
				C6F7FDDB1651424AD622BA5F /* Pods-RxSwift-Demo.release.xcconfig */,
			);
			path = Pods;
			sourceTree = "<group>";
		};
/* End PBXGroup section */

/* Begin PBXNativeTarget section */
		480664BA246527CB001CA358 /* RxSwift-Demo */ = {
			isa = PBXNativeTarget;
			buildConfigurationList = 480664CD246527CC001CA358 /* Build configuration list for PBXNativeTarget "RxSwift-Demo" */;
			buildPhases = (
				F15C45A101658760524D238E /* [CP] Check Pods Manifest.lock */,
				480664B7246527CB001CA358 /* Sources */,
				480664B8246527CB001CA358 /* Frameworks */,
				480664B9246527CB001CA358 /* Resources */,
				E9E35D969C0788FD7A45A7D6 /* [CP] Embed Pods Frameworks */,
			);
			buildRules = (
			);
			dependencies = (
			);
			name = "RxSwift-Demo";
			productName = "RxSwift-Demo";
			productReference = 480664BB246527CB001CA358 /* RxSwift-Demo.app */;
			productType = "com.apple.product-type.application";
		};
/* End PBXNativeTarget section */

/* Begin PBXProject section */
		480664B3246527CB001CA358 /* Project object */ = {
			isa = PBXProject;
			attributes = {
				LastSwiftUpdateCheck = 1030;
				LastUpgradeCheck = 1030;
				ORGANIZATIONNAME = wudan;
				TargetAttributes = {
					480664BA246527CB001CA358 = {
						CreatedOnToolsVersion = 10.3;
					};
				};
			};
			buildConfigurationList = 480664B6246527CB001CA358 /* Build configuration list for PBXProject "RxSwift-Demo" */;
			compatibilityVersion = "Xcode 9.3";
			developmentRegion = en;
			hasScannedForEncodings = 0;
			knownRegions = (
				en,
				Base,
			);
			mainGroup = 480664B2246527CB001CA358;
			productRefGroup = 480664BC246527CB001CA358 /* Products */;
			projectDirPath = "";
			projectRoot = "";
			targets = (
				480664BA246527CB001CA358 /* RxSwift-Demo */,
			);
		};
/* End PBXProject section */

/* Begin PBXResourcesBuildPhase section */
		480664B9246527CB001CA358 /* Resources */ = {
			isa = PBXResourcesBuildPhase;
			buildActionMask = 2147483647;
			files = (
				480664C9246527CC001CA358 /* LaunchScreen.storyboard in Resources */,
				480664C6246527CC001CA358 /* Assets.xcassets in Resources */,
				480664C4246527CB001CA358 /* Main.storyboard in Resources */,
			);
			runOnlyForDeploymentPostprocessing = 0;
		};
/* End PBXResourcesBuildPhase section */

/* Begin PBXShellScriptBuildPhase section */
		E9E35D969C0788FD7A45A7D6 /* [CP] Embed Pods Frameworks */ = {
			isa = PBXShellScriptBuildPhase;
			buildActionMask = 2147483647;
			files = (
			);
			inputFileListPaths = (
				"${PODS_ROOT}/Target Support Files/Pods-RxSwift-Demo/Pods-RxSwift-Demo-frameworks-${CONFIGURATION}-input-files.xcfilelist",
			);
			name = "[CP] Embed Pods Frameworks";
			outputFileListPaths = (
				"${PODS_ROOT}/Target Support Files/Pods-RxSwift-Demo/Pods-RxSwift-Demo-frameworks-${CONFIGURATION}-output-files.xcfilelist",
			);
			runOnlyForDeploymentPostprocessing = 0;
			shellPath = /bin/sh;
			shellScript = "\"${PODS_ROOT}/Target Support Files/Pods-RxSwift-Demo/Pods-RxSwift-Demo-frameworks.sh\"\n";
			showEnvVarsInLog = 0;
		};
		F15C45A101658760524D238E /* [CP] Check Pods Manifest.lock */ = {
			isa = PBXShellScriptBuildPhase;
			buildActionMask = 2147483647;
			files = (
			);
			inputFileListPaths = (
			);
			inputPaths = (
				"${PODS_PODFILE_DIR_PATH}/Podfile.lock",
				"${PODS_ROOT}/Manifest.lock",
			);
			name = "[CP] Check Pods Manifest.lock";
			outputFileListPaths = (
			);
			outputPaths = (
				"$(DERIVED_FILE_DIR)/Pods-RxSwift-Demo-checkManifestLockResult.txt",
			);
			runOnlyForDeploymentPostprocessing = 0;
			shellPath = /bin/sh;
			shellScript = "diff \"${PODS_PODFILE_DIR_PATH}/Podfile.lock\" \"${PODS_ROOT}/Manifest.lock\" > /dev/null\nif [ $? != 0 ] ; then\n    # print error to STDERR\n    echo \"error: The sandbox is not in sync with the Podfile.lock. Run 'pod install' or update your CocoaPods installation.\" >&2\n    exit 1\nfi\n# This output is used by Xcode 'outputs' to avoid re-running this script phase.\necho \"SUCCESS\" > \"${SCRIPT_OUTPUT_FILE_0}\"\n";
			showEnvVarsInLog = 0;
		};
/* End PBXShellScriptBuildPhase section */

/* Begin PBXSourcesBuildPhase section */
		480664B7246527CB001CA358 /* Sources */ = {
			isa = PBXSourcesBuildPhase;
			buildActionMask = 2147483647;
			files = (
				48491A0024655E1700E0AA32 /* TextFieldViewController.swift in Sources */,
				480664C1246527CB001CA358 /* ViewController.swift in Sources */,
				480664BF246527CB001CA358 /* AppDelegate.swift in Sources */,
				484919FC24652CE800E0AA32 /* LabelViewController.swift in Sources */,
			);
			runOnlyForDeploymentPostprocessing = 0;
		};
/* End PBXSourcesBuildPhase section */

/* Begin PBXVariantGroup section */
		480664C2246527CB001CA358 /* Main.storyboard */ = {
			isa = PBXVariantGroup;
			children = (
				480664C3246527CB001CA358 /* Base */,
			);
			name = Main.storyboard;
			sourceTree = "<group>";
		};
		480664C7246527CC001CA358 /* LaunchScreen.storyboard */ = {
			isa = PBXVariantGroup;
			children = (
				480664C8246527CC001CA358 /* Base */,
			);
			name = LaunchScreen.storyboard;
			sourceTree = "<group>";
		};
/* End PBXVariantGroup section */

/* Begin XCBuildConfiguration section */
		480664CB246527CC001CA358 /* Debug */ = {
			isa = XCBuildConfiguration;
			buildSettings = {
				ALWAYS_SEARCH_USER_PATHS = NO;
				CLANG_ANALYZER_NONNULL = YES;
				CLANG_ANALYZER_NUMBER_OBJECT_CONVERSION = YES_AGGRESSIVE;
				CLANG_CXX_LANGUAGE_STANDARD = "gnu++14";
				CLANG_CXX_LIBRARY = "libc++";
				CLANG_ENABLE_MODULES = YES;
				CLANG_ENABLE_OBJC_ARC = YES;
				CLANG_ENABLE_OBJC_WEAK = YES;
				CLANG_WARN_BLOCK_CAPTURE_AUTORELEASING = YES;
				CLANG_WARN_BOOL_CONVERSION = YES;
				CLANG_WARN_COMMA = YES;
				CLANG_WARN_CONSTANT_CONVERSION = YES;
				CLANG_WARN_DEPRECATED_OBJC_IMPLEMENTATIONS = YES;
				CLANG_WARN_DIRECT_OBJC_ISA_USAGE = YES_ERROR;
				CLANG_WARN_DOCUMENTATION_COMMENTS = YES;
				CLANG_WARN_EMPTY_BODY = YES;
				CLANG_WARN_ENUM_CONVERSION = YES;
				CLANG_WARN_INFINITE_RECURSION = YES;
				CLANG_WARN_INT_CONVERSION = YES;
				CLANG_WARN_NON_LITERAL_NULL_CONVERSION = YES;
				CLANG_WARN_OBJC_IMPLICIT_RETAIN_SELF = YES;
				CLANG_WARN_OBJC_LITERAL_CONVERSION = YES;
				CLANG_WARN_OBJC_ROOT_CLASS = YES_ERROR;
				CLANG_WARN_RANGE_LOOP_ANALYSIS = YES;
				CLANG_WARN_STRICT_PROTOTYPES = YES;
				CLANG_WARN_SUSPICIOUS_MOVE = YES;
				CLANG_WARN_UNGUARDED_AVAILABILITY = YES_AGGRESSIVE;
				CLANG_WARN_UNREACHABLE_CODE = YES;
				CLANG_WARN__DUPLICATE_METHOD_MATCH = YES;
				CODE_SIGN_IDENTITY = "iPhone Developer";
				COPY_PHASE_STRIP = NO;
				DEBUG_INFORMATION_FORMAT = dwarf;
				ENABLE_STRICT_OBJC_MSGSEND = YES;
				ENABLE_TESTABILITY = YES;
				GCC_C_LANGUAGE_STANDARD = gnu11;
				GCC_DYNAMIC_NO_PIC = NO;
				GCC_NO_COMMON_BLOCKS = YES;
				GCC_OPTIMIZATION_LEVEL = 0;
				GCC_PREPROCESSOR_DEFINITIONS = (
					"DEBUG=1",
					"$(inherited)",
				);
				GCC_WARN_64_TO_32_BIT_CONVERSION = YES;
				GCC_WARN_ABOUT_RETURN_TYPE = YES_ERROR;
				GCC_WARN_UNDECLARED_SELECTOR = YES;
				GCC_WARN_UNINITIALIZED_AUTOS = YES_AGGRESSIVE;
				GCC_WARN_UNUSED_FUNCTION = YES;
				GCC_WARN_UNUSED_VARIABLE = YES;
				IPHONEOS_DEPLOYMENT_TARGET = 12.4;
				MTL_ENABLE_DEBUG_INFO = INCLUDE_SOURCE;
				MTL_FAST_MATH = YES;
				ONLY_ACTIVE_ARCH = YES;
				SDKROOT = iphoneos;
				SWIFT_ACTIVE_COMPILATION_CONDITIONS = DEBUG;
				SWIFT_OPTIMIZATION_LEVEL = "-Onone";
			};
			name = Debug;
		};
		480664CC246527CC001CA358 /* Release */ = {
			isa = XCBuildConfiguration;
			buildSettings = {
				ALWAYS_SEARCH_USER_PATHS = NO;
				CLANG_ANALYZER_NONNULL = YES;
				CLANG_ANALYZER_NUMBER_OBJECT_CONVERSION = YES_AGGRESSIVE;
				CLANG_CXX_LANGUAGE_STANDARD = "gnu++14";
				CLANG_CXX_LIBRARY = "libc++";
				CLANG_ENABLE_MODULES = YES;
				CLANG_ENABLE_OBJC_ARC = YES;
				CLANG_ENABLE_OBJC_WEAK = YES;
				CLANG_WARN_BLOCK_CAPTURE_AUTORELEASING = YES;
				CLANG_WARN_BOOL_CONVERSION = YES;
				CLANG_WARN_COMMA = YES;
				CLANG_WARN_CONSTANT_CONVERSION = YES;
				CLANG_WARN_DEPRECATED_OBJC_IMPLEMENTATIONS = YES;
				CLANG_WARN_DIRECT_OBJC_ISA_USAGE = YES_ERROR;
				CLANG_WARN_DOCUMENTATION_COMMENTS = YES;
				CLANG_WARN_EMPTY_BODY = YES;
				CLANG_WARN_ENUM_CONVERSION = YES;
				CLANG_WARN_INFINITE_RECURSION = YES;
				CLANG_WARN_INT_CONVERSION = YES;
				CLANG_WARN_NON_LITERAL_NULL_CONVERSION = YES;
				CLANG_WARN_OBJC_IMPLICIT_RETAIN_SELF = YES;
				CLANG_WARN_OBJC_LITERAL_CONVERSION = YES;
				CLANG_WARN_OBJC_ROOT_CLASS = YES_ERROR;
				CLANG_WARN_RANGE_LOOP_ANALYSIS = YES;
				CLANG_WARN_STRICT_PROTOTYPES = YES;
				CLANG_WARN_SUSPICIOUS_MOVE = YES;
				CLANG_WARN_UNGUARDED_AVAILABILITY = YES_AGGRESSIVE;
				CLANG_WARN_UNREACHABLE_CODE = YES;
				CLANG_WARN__DUPLICATE_METHOD_MATCH = YES;
				CODE_SIGN_IDENTITY = "iPhone Developer";
				COPY_PHASE_STRIP = NO;
				DEBUG_INFORMATION_FORMAT = "dwarf-with-dsym";
				ENABLE_NS_ASSERTIONS = NO;
				ENABLE_STRICT_OBJC_MSGSEND = YES;
				GCC_C_LANGUAGE_STANDARD = gnu11;
				GCC_NO_COMMON_BLOCKS = YES;
				GCC_WARN_64_TO_32_BIT_CONVERSION = YES;
				GCC_WARN_ABOUT_RETURN_TYPE = YES_ERROR;
				GCC_WARN_UNDECLARED_SELECTOR = YES;
				GCC_WARN_UNINITIALIZED_AUTOS = YES_AGGRESSIVE;
				GCC_WARN_UNUSED_FUNCTION = YES;
				GCC_WARN_UNUSED_VARIABLE = YES;
				IPHONEOS_DEPLOYMENT_TARGET = 12.4;
				MTL_ENABLE_DEBUG_INFO = NO;
				MTL_FAST_MATH = YES;
				SDKROOT = iphoneos;
				SWIFT_COMPILATION_MODE = wholemodule;
				SWIFT_OPTIMIZATION_LEVEL = "-O";
				VALIDATE_PRODUCT = YES;
			};
			name = Release;
		};
		480664CE246527CC001CA358 /* Debug */ = {
			isa = XCBuildConfiguration;
			baseConfigurationReference = 8C5715F5E014D0757901CEA0 /* Pods-RxSwift-Demo.debug.xcconfig */;
			buildSettings = {
				ASSETCATALOG_COMPILER_APPICON_NAME = AppIcon;
				CODE_SIGN_STYLE = Automatic;
				INFOPLIST_FILE = "RxSwift-Demo/Info.plist";
				LD_RUNPATH_SEARCH_PATHS = (
					"$(inherited)",
					"@executable_path/Frameworks",
				);
				PRODUCT_BUNDLE_IDENTIFIER = "com.wudan.RxSwift-Demo";
				PRODUCT_NAME = "$(TARGET_NAME)";
				SWIFT_VERSION = 5.0;
				TARGETED_DEVICE_FAMILY = "1,2";
			};
			name = Debug;
		};
		480664CF246527CC001CA358 /* Release */ = {
			isa = XCBuildConfiguration;
			baseConfigurationReference = C6F7FDDB1651424AD622BA5F /* Pods-RxSwift-Demo.release.xcconfig */;
			buildSettings = {
				ASSETCATALOG_COMPILER_APPICON_NAME = AppIcon;
				CODE_SIGN_STYLE = Automatic;
				INFOPLIST_FILE = "RxSwift-Demo/Info.plist";
				LD_RUNPATH_SEARCH_PATHS = (
					"$(inherited)",
					"@executable_path/Frameworks",
				);
				PRODUCT_BUNDLE_IDENTIFIER = "com.wudan.RxSwift-Demo";
				PRODUCT_NAME = "$(TARGET_NAME)";
				SWIFT_VERSION = 5.0;
				TARGETED_DEVICE_FAMILY = "1,2";
			};
			name = Release;
		};
/* End XCBuildConfiguration section */

/* Begin XCConfigurationList section */
		480664B6246527CB001CA358 /* Build configuration list for PBXProject "RxSwift-Demo" */ = {
			isa = XCConfigurationList;
			buildConfigurations = (
				480664CB246527CC001CA358 /* Debug */,
				480664CC246527CC001CA358 /* Release */,
			);
			defaultConfigurationIsVisible = 0;
			defaultConfigurationName = Release;
		};
		480664CD246527CC001CA358 /* Build configuration list for PBXNativeTarget "RxSwift-Demo" */ = {
			isa = XCConfigurationList;
			buildConfigurations = (
				480664CE246527CC001CA358 /* Debug */,
				480664CF246527CC001CA358 /* Release */,
			);
			defaultConfigurationIsVisible = 0;
			defaultConfigurationName = Release;
		};
/* End XCConfigurationList section */
	};
	rootObject = 480664B3246527CB001CA358 /* Project object */;
}
